
Microsoft Visual Studio Solution File, Format Version 12.00
# Visual Studio Version 17
VisualStudioVersion = 17.0.31903.59
MinimumVisualStudioVersion = 10.0.40219.1
Project("{2150E333-8FDC-42A3-9474-1A3956D46DE8}") = "src", "src", "{827E0CD3-B72D-47B6-A68D-7590B98EB39B}"
EndProject
Project("{FAE04EC0-301F-11D3-BF4B-00C04F79EFBC}") = "MortarHUD.Core", "src\MortarHUD.Core\MortarHUD.Core.csproj", "{B3FAD2AD-8FB1-45A6-8521-9D5F54F2363E}"
EndProject
Project("{FAE04EC0-301F-11D3-BF4B-00C04F79EFBC}") = "MortarHUD.Platform.Windows", "src\MortarHUD.Platform.Windows\MortarHUD.Platform.Windows.csproj", "{7FEB723C-54BF-49AD-8B03-CE809B4187B6}"
EndProject
Project("{FAE04EC0-301F-11D3-BF4B-00C04F79EFBC}") = "MortarHUD.Capture", "src\MortarHUD.Capture\MortarHUD.Capture.csproj", "{83A7AD2A-2037-4335-BCE7-574128B9730A}"
EndProject
Project("{FAE04EC0-301F-11D3-BF4B-00C04F79EFBC}") = "MortarHUD.App", "src\MortarHUD.App\MortarHUD.App.csproj", "{A49932BF-6931-41E3-A3E5-5E5DF8A1E264}"
EndProject
Project("{2150E333-8FDC-42A3-9474-1A3956D46DE8}") = "tests", "tests", "{0AB3BF05-4346-4AA6-1389-037BE0695223}"
EndProject
Project("{FAE04EC0-301F-11D3-BF4B-00C04F79EFBC}") = "MortarHUD.Core.Tests", "tests\MortarHUD.Core.Tests\MortarHUD.Core.Tests.csproj", "{87758065-1C70-4F54-94CE-499591F57FBD}"
EndProject
Project("{FAE04EC0-301F-11D3-BF4B-00C04F79EFBC}") = "MortarHUD.Ocr.Tests", "tests\MortarHUD.Ocr.Tests\MortarHUD.Ocr.Tests.csproj", "{0C108364-4C1D-44B3-B67B-F59FE07B159D}"
EndProject
Project("{2150E333-8FDC-42A3-9474-1A3956D46DE8}") = "tools", "tools", "{07C2787E-EAC7-C090-1BA3-A61EC2A24D84}"
EndProject
Project("{FAE04EC0-301F-11D3-BF4B-00C04F79EFBC}") = "MortarHUD.Benchmark", "tools\MortarHUD.Benchmark\MortarHUD.Benchmark.csproj", "{06028F7F-0A65-40C1-907F-5E8FB871D8AF}"
EndProject
Global
	GlobalSection(SolutionConfigurationPlatforms) = preSolution
		Debug|Any CPU = Debug|Any CPU
		Debug|x64 = Debug|x64
		Debug|x86 = Debug|x86
		Release|Any CPU = Release|Any CPU
		Release|x64 = Release|x64
		Release|x86 = Release|x86
	EndGlobalSection
	GlobalSection(ProjectConfigurationPlatforms) = postSolution
		{B3FAD2AD-8FB1-45A6-8521-9D5F54F2363E}.Debug|Any CPU.ActiveCfg = Debug|Any CPU
		{B3FAD2AD-8FB1-45A6-8521-9D5F54F2363E}.Debug|Any CPU.Build.0 = Debug|Any CPU
		{B3FAD2AD-8FB1-45A6-8521-9D5F54F2363E}.Debug|x64.ActiveCfg = Debug|Any CPU
		{B3FAD2AD-8FB1-45A6-8521-9D5F54F2363E}.Debug|x64.Build.0 = Debug|Any CPU
		{B3FAD2AD-8FB1-45A6-8521-9D5F54F2363E}.Debug|x86.ActiveCfg = Debug|Any CPU
		{B3FAD2AD-8FB1-45A6-8521-9D5F54F2363E}.Debug|x86.Build.0 = Debug|Any CPU
		{B3FAD2AD-8FB1-45A6-8521-9D5F54F2363E}.Release|Any CPU.ActiveCfg = Release|Any CPU
		{B3FAD2AD-8FB1-45A6-8521-9D5F54F2363E}.Release|Any CPU.Build.0 = Release|Any CPU
		{B3FAD2AD-8FB1-45A6-8521-9D5F54F2363E}.Release|x64.ActiveCfg = Release|Any CPU
		{B3FAD2AD-8FB1-45A6-8521-9D5F54F2363E}.Release|x64.Build.0 = Release|Any CPU
		{B3FAD2AD-8FB1-45A6-8521-9D5F54F2363E}.Release|x86.ActiveCfg = Release|Any CPU
		{B3FAD2AD-8FB1-45A6-8521-9D5F54F2363E}.Release|x86.Build.0 = Release|Any CPU
		{7FEB723C-54BF-49AD-8B03-CE809B4187B6}.Debug|Any CPU.ActiveCfg = Debug|Any CPU
		{7FEB723C-54BF-49AD-8B03-CE809B4187B6}.Debug|Any CPU.Build.0 = Debug|Any CPU
		{7FEB723C-54BF-49AD-8B03-CE809B4187B6}.Debug|x64.ActiveCfg = Debug|Any CPU
		{7FEB723C-54BF-49AD-8B03-CE809B4187B6}.Debug|x64.Build.0 = Debug|Any CPU
		{7FEB723C-54BF-49AD-8B03-CE809B4187B6}.Debug|x86.ActiveCfg = Debug|Any CPU
		{7FEB723C-54BF-49AD-8B03-CE809B4187B6}.Debug|x86.Build.0 = Debug|Any CPU
		{7FEB723C-54BF-49AD-8B03-CE809B4187B6}.Release|Any CPU.ActiveCfg = Release|Any CPU
		{7FEB723C-54BF-49AD-8B03-CE809B4187B6}.Release|Any CPU.Build.0 = Release|Any CPU
		{7FEB723C-54BF-49AD-8B03-CE809B4187B6}.Release|x64.ActiveCfg = Release|Any CPU
		{7FEB723C-54BF-49AD-8B03-CE809B4187B6}.Release|x64.Build.0 = Release|Any CPU
		{7FEB723C-54BF-49AD-8B03-CE809B4187B6}.Release|x86.ActiveCfg = Release|Any CPU
		{7FEB723C-54BF-49AD-8B03-CE809B4187B6}.Release|x86.Build.0 = Release|Any CPU
		{83A7AD2A-2037-4335-BCE7-574128B9730A}.Debug|Any CPU.ActiveCfg = Debug|Any CPU
		{83A7AD2A-2037-4335-BCE7-574128B9730A}.Debug|Any CPU.Build.0 = Debug|Any CPU
		{83A7AD2A-2037-4335-BCE7-574128B9730A}.Debug|x64.ActiveCfg = Debug|Any CPU
		{83A7AD2A-2037-4335-BCE7-574128B9730A}.Debug|x64.Build.0 = Debug|Any CPU
		{83A7AD2A-2037-4335-BCE7-574128B9730A}.Debug|x86.ActiveCfg = Debug|Any CPU
		{83A7AD2A-2037-4335-BCE7-574128B9730A}.Debug|x86.Build.0 = Debug|Any CPU
		{83A7AD2A-2037-4335-BCE7-574128B9730A}.Release|Any CPU.ActiveCfg = Release|Any CPU
		{83A7AD2A-2037-4335-BCE7-574128B9730A}.Release|Any CPU.Build.0 = Release|Any CPU
		{83A7AD2A-2037-4335-BCE7-574128B9730A}.Release|x64.ActiveCfg = Release|Any CPU
		{83A7AD2A-2037-4335-BCE7-574128B9730A}.Release|x64.Build.0 = Release|Any CPU
		{83A7AD2A-2037-4335-BCE7-574128B9730A}.Release|x86.ActiveCfg = Release|Any CPU
		{83A7AD2A-2037-4335-BCE7-574128B9730A}.Release|x86.Build.0 = Release|Any CPU
		{A49932BF-6931-41E3-A3E5-5E5DF8A1E264}.Debug|Any CPU.ActiveCfg = Debug|Any CPU
		{A49932BF-6931-41E3-A3E5-5E5DF8A1E264}.Debug|Any CPU.Build.0 = Debug|Any CPU
		{A49932BF-6931-41E3-A3E5-5E5DF8A1E264}.Debug|x64.ActiveCfg = Debug|Any CPU
		{A49932BF-6931-41E3-A3E5-5E5DF8A1E264}.Debug|x64.Build.0 = Debug|Any CPU
		{A49932BF-6931-41E3-A3E5-5E5DF8A1E264}.Debug|x86.ActiveCfg = Debug|Any CPU
		{A49932BF-6931-41E3-A3E5-5E5DF8A1E264}.Debug|x86.Build.0 = Debug|Any CPU
		{A49932BF-6931-41E3-A3E5-5E5DF8A1E264}.Release|Any CPU.ActiveCfg = Release|Any CPU
		{A49932BF-6931-41E3-A3E5-5E5DF8A1E264}.Release|Any CPU.Build.0 = Release|Any CPU
		{A49932BF-6931-41E3-A3E5-5E5DF8A1E264}.Release|x64.ActiveCfg = Release|Any CPU
		{A49932BF-6931-41E3-A3E5-5E5DF8A1E264}.Release|x64.Build.0 = Release|Any CPU
		{A49932BF-6931-41E3-A3E5-5E5DF8A1E264}.Release|x86.ActiveCfg = Release|Any CPU
		{A49932BF-6931-41E3-A3E5-5E5DF8A1E264}.Release|x86.Build.0 = Release|Any CPU
		{87758065-1C70-4F54-94CE-499591F57FBD}.Debug|Any CPU.ActiveCfg = Debug|Any CPU
		{87758065-1C70-4F54-94CE-499591F57FBD}.Debug|Any CPU.Build.0 = Debug|Any CPU
		{87758065-1C70-4F54-94CE-499591F57FBD}.Debug|x64.ActiveCfg = Debug|Any CPU
		{87758065-1C70-4F54-94CE-499591F57FBD}.Debug|x64.Build.0 = Debug|Any CPU
		{87758065-1C70-4F54-94CE-499591F57FBD}.Debug|x86.ActiveCfg = Debug|Any CPU
		{87758065-1C70-4F54-94CE-499591F57FBD}.Debug|x86.Build.0 = Debug|Any CPU
		{87758065-1C70-4F54-94CE-499591F57FBD}.Release|Any CPU.ActiveCfg = Release|Any CPU
		{87758065-1C70-4F54-94CE-499591F57FBD}.Release|Any CPU.Build.0 = Release|Any CPU
		{87758065-1C70-4F54-94CE-499591F57FBD}.Release|x64.ActiveCfg = Release|Any CPU
		{87758065-1C70-4F54-94CE-499591F57FBD}.Release|x64.Build.0 = Release|Any CPU
		{87758065-1C70-4F54-94CE-499591F57FBD}.Release|x86.ActiveCfg = Release|Any CPU
		{87758065-1C70-4F54-94CE-499591F57FBD}.Release|x86.Build.0 = Release|Any CPU
		{0C108364-4C1D-44B3-B67B-F59FE07B159D}.Debug|Any CPU.ActiveCfg = Debug|Any CPU
		{0C108364-4C1D-44B3-B67B-F59FE07B159D}.Debug|Any CPU.Build.0 = Debug|Any CPU
		{0C108364-4C1D-44B3-B67B-F59FE07B159D}.Debug|x64.ActiveCfg = Debug|Any CPU
		{0C108364-4C1D-44B3-B67B-F59FE07B159D}.Debug|x64.Build.0 = Debug|Any CPU
		{0C108364-4C1D-44B3-B67B-F59FE07B159D}.Debug|x86.ActiveCfg = Debug|Any CPU
		{0C108364-4C1D-44B3-B67B-F59FE07B159D}.Debug|x86.Build.0 = Debug|Any CPU
		{0C108364-4C1D-44B3-B67B-F59FE07B159D}.Release|Any CPU.ActiveCfg = Release|Any CPU
		{0C108364-4C1D-44B3-B67B-F59FE07B159D}.Release|Any CPU.Build.0 = Release|Any CPU
		{0C108364-4C1D-44B3-B67B-F59FE07B159D}.Release|x64.ActiveCfg = Release|Any CPU
		{0C108364-4C1D-44B3-B67B-F59FE07B159D}.Release|x64.Build.0 = Release|Any CPU
		{0C108364-4C1D-44B3-B67B-F59FE07B159D}.Release|x86.ActiveCfg = Release|Any CPU
		{0C108364-4C1D-44B3-B67B-F59FE07B159D}.Release|x86.Build.0 = Release|Any CPU
		{06028F7F-0A65-40C1-907F-5E8FB871D8AF}.Debug|Any CPU.ActiveCfg = Debug|Any CPU
		{06028F7F-0A65-40C1-907F-5E8FB871D8AF}.Debug|Any CPU.Build.0 = Debug|Any CPU
		{06028F7F-0A65-40C1-907F-5E8FB871D8AF}.Debug|x64.ActiveCfg = Debug|Any CPU
		{06028F7F-0A65-40C1-907F-5E8FB871D8AF}.Debug|x64.Build.0 = Debug|Any CPU
		{06028F7F-0A65-40C1-907F-5E8FB871D8AF}.Debug|x86.ActiveCfg = Debug|Any CPU
		{06028F7F-0A65-40C1-907F-5E8FB871D8AF}.Debug|x86.Build.0 = Debug|Any CPU
		{06028F7F-0A65-40C1-907F-5E8FB871D8AF}.Release|Any CPU.ActiveCfg = Release|Any CPU
		{06028F7F-0A65-40C1-907F-5E8FB871D8AF}.Release|Any CPU.Build.0 = Release|Any CPU
		{06028F7F-0A65-40C1-907F-5E8FB871D8AF}.Release|x64.ActiveCfg = Release|Any CPU
		{06028F7F-0A65-40C1-907F-5E8FB871D8AF}.Release|x64.Build.0 = Release|Any CPU
		{06028F7F-0A65-40C1-907F-5E8FB871D8AF}.Release|x86.ActiveCfg = Release|Any CPU
		{06028F7F-0A65-40C1-907F-5E8FB871D8AF}.Release|x86.Build.0 = Release|Any CPU
	EndGlobalSection
	GlobalSection(SolutionProperties) = preSolution
		HideSolutionNode = FALSE
	EndGlobalSection
	GlobalSection(NestedProjects) = preSolution
		{B3FAD2AD-8FB1-45A6-8521-9D5F54F2363E} = {827E0CD3-B72D-47B6-A68D-7590B98EB39B}
		{7FEB723C-54BF-49AD-8B03-CE809B4187B6} = {827E0CD3-B72D-47B6-A68D-7590B98EB39B}
		{83A7AD2A-2037-4335-BCE7-574128B9730A} = {827E0CD3-B72D-47B6-A68D-7590B98EB39B}
		{A49932BF-6931-41E3-A3E5-5E5DF8A1E264} = {827E0CD3-B72D-47B6-A68D-7590B98EB39B}
		{87758065-1C70-4F54-94CE-499591F57FBD} = {0AB3BF05-4346-4AA6-1389-037BE0695223}
		{0C108364-4C1D-44B3-B67B-F59FE07B159D} = {0AB3BF05-4346-4AA6-1389-037BE0695223}
		{06028F7F-0A65-40C1-907F-5E8FB871D8AF} = {07C2787E-EAC7-C090-1BA3-A61EC2A24D84}
	EndGlobalSection
EndGlobal
